
Microsoft Visual Studio Solution File, Format Version 12.00
# Visual Studio Version 16
VisualStudioVersion = 16.0.29613.14
MinimumVisualStudioVersion = 10.0.40219.1
Project("{9A19103F-16F7-4668-BE54-9A1E7A4F7556}") = "Unity1", "Unity1\Unity1.csproj", "{E1029460-15AF-4D94-85F5-57ED5223053C}"
EndProject
Project("{FAE04EC0-301F-11D3-BF4B-00C04F79EFBC}") = "Practices", "Practices\Practices.csproj", "{18D8536D-3BD6-4647-A998-DE20AB51785D}"
EndProject
Project("{FAE04EC0-301F-11D3-BF4B-00C04F79EFBC}") = "OOP", "OOP\OOP.csproj", "{F968D514-DD1C-419A-925C-819FC96B9910}"
EndProject
Project("{FAE04EC0-301F-11D3-BF4B-00C04F79EFBC}") = "Unity2", "Unity2\Unity2.csproj", "{CE3CB958-FAAF-4FF7-9A7C-C0C55E0D2801}"
EndProject
Project("{FAE04EC0-301F-11D3-BF4B-00C04F79EFBC}") = "Ping_Pong", "Ping_Pong\Ping_Pong.csproj", "{85E1CEB6-24FF-4904-8344-2A7D4467296D}"
EndProject
Project("{FAE04EC0-301F-11D3-BF4B-00C04F79EFBC}") = "WPF", "WPF\WPF.csproj", "{793E4349-E3A8-495D-95F1-14A2A6E95224}"
EndProject
Global
	GlobalSection(SolutionConfigurationPlatforms) = preSolution
		Debug|Any CPU = Debug|Any CPU
		Release|Any CPU = Release|Any CPU
	EndGlobalSection
	GlobalSection(ProjectConfigurationPlatforms) = postSolution
		{E1029460-15AF-4D94-85F5-57ED5223053C}.Debug|Any CPU.ActiveCfg = Debug|Any CPU
		{E1029460-15AF-4D94-85F5-57ED5223053C}.Debug|Any CPU.Build.0 = Debug|Any CPU
		{E1029460-15AF-4D94-85F5-57ED5223053C}.Release|Any CPU.ActiveCfg = Release|Any CPU
		{E1029460-15AF-4D94-85F5-57ED5223053C}.Release|Any CPU.Build.0 = Release|Any CPU
		{18D8536D-3BD6-4647-A998-DE20AB51785D}.Debug|Any CPU.ActiveCfg = Debug|Any CPU
		{18D8536D-3BD6-4647-A998-DE20AB51785D}.Debug|Any CPU.Build.0 = Debug|Any CPU
		{18D8536D-3BD6-4647-A998-DE20AB51785D}.Release|Any CPU.ActiveCfg = Release|Any CPU
		{18D8536D-3BD6-4647-A998-DE20AB51785D}.Release|Any CPU.Build.0 = Release|Any CPU
		{F968D514-DD1C-419A-925C-819FC96B9910}.Debug|Any CPU.ActiveCfg = Debug|Any CPU
		{F968D514-DD1C-419A-925C-819FC96B9910}.Debug|Any CPU.Build.0 = Debug|Any CPU
		{F968D514-DD1C-419A-925C-819FC96B9910}.Release|Any CPU.ActiveCfg = Release|Any CPU
		{F968D514-DD1C-419A-925C-819FC96B9910}.Release|Any CPU.Build.0 = Release|Any CPU
		{CE3CB958-FAAF-4FF7-9A7C-C0C55E0D2801}.Debug|Any CPU.ActiveCfg = Debug|Any CPU
		{CE3CB958-FAAF-4FF7-9A7C-C0C55E0D2801}.Debug|Any CPU.Build.0 = Debug|Any CPU
		{CE3CB958-FAAF-4FF7-9A7C-C0C55E0D2801}.Release|Any CPU.ActiveCfg = Release|Any CPU
		{CE3CB958-FAAF-4FF7-9A7C-C0C55E0D2801}.Release|Any CPU.Build.0 = Release|Any CPU
		{85E1CEB6-24FF-4904-8344-2A7D4467296D}.Debug|Any CPU.ActiveCfg = Debug|Any CPU
		{85E1CEB6-24FF-4904-8344-2A7D4467296D}.Debug|Any CPU.Build.0 = Debug|Any CPU
		{85E1CEB6-24FF-4904-8344-2A7D4467296D}.Release|Any CPU.ActiveCfg = Release|Any CPU
		{85E1CEB6-24FF-4904-8344-2A7D4467296D}.Release|Any CPU.Build.0 = Release|Any CPU
		{793E4349-E3A8-495D-95F1-14A2A6E95224}.Debug|Any CPU.ActiveCfg = Debug|Any CPU
		{793E4349-E3A8-495D-95F1-14A2A6E95224}.Debug|Any CPU.Build.0 = Debug|Any CPU
		{793E4349-E3A8-495D-95F1-14A2A6E95224}.Release|Any CPU.ActiveCfg = Release|Any CPU
		{793E4349-E3A8-495D-95F1-14A2A6E95224}.Release|Any CPU.Build.0 = Release|Any CPU
	EndGlobalSection
	GlobalSection(SolutionProperties) = preSolution
		HideSolutionNode = FALSE
	EndGlobalSection
	GlobalSection(ExtensibilityGlobals) = postSolution
		SolutionGuid = {F1E6666D-626A-4A89-84DF-BAFAB76905DA}
	EndGlobalSection
EndGlobal
